// !$*UTF8*$!
{
	archiveVersion = 1;
	classes = {
	};
	objectVersion = 46;
	objects = {

/* Begin PBXBuildFile section */
		4AECC76D1C8957CE0083D243 /* main.m in Sources */ = {isa = PBXBuildFile; fileRef = 4AECC76C1C8957CE0083D243 /* main.m */; };
		4AECC7701C8957CE0083D243 /* AppDelegate.m in Sources */ = {isa = PBXBuildFile; fileRef = 4AECC76F1C8957CE0083D243 /* AppDelegate.m */; };
		4AECC7731C8957CE0083D243 /* ViewController.m in Sources */ = {isa = PBXBuildFile; fileRef = 4AECC7721C8957CE0083D243 /* ViewController.m */; };
		4AECC7761C8957CE0083D243 /* Main.storyboard in Resources */ = {isa = PBXBuildFile; fileRef = 4AECC7741C8957CE0083D243 /* Main.storyboard */; };
		4AECC7781C8957CE0083D243 /* Assets.xcassets in Resources */ = {isa = PBXBuildFile; fileRef = 4AECC7771C8957CE0083D243 /* Assets.xcassets */; };
		4AECC77B1C8957CE0083D243 /* LaunchScreen.storyboard in Resources */ = {isa = PBXBuildFile; fileRef = 4AECC7791C8957CE0083D243 /* LaunchScreen.storyboard */; };
		4AECC7861C8957CF0083D243 /* CGSearchDemoTests.m in Sources */ = {isa = PBXBuildFile; fileRef = 4AECC7851C8957CF0083D243 /* CGSearchDemoTests.m */; };
		4AECC7911C8957CF0083D243 /* CGSearchDemoUITests.m in Sources */ = {isa = PBXBuildFile; fileRef = 4AECC7901C8957CF0083D243 /* CGSearchDemoUITests.m */; };
/* End PBXBuildFile section */

/* Begin PBXContainerItemProxy section */
		4AECC7821C8957CF0083D243 /* PBXContainerItemProxy */ = {
			isa = PBXContainerItemProxy;
			containerPortal = 4AECC7601C8957CE0083D243 /* Project object */;
			proxyType = 1;
			remoteGlobalIDString = 4AECC7671C8957CE0083D243;
			remoteInfo = CGSearchDemo;
		};
		4AECC78D1C8957CF0083D243 /* PBXContainerItemProxy */ = {
			isa = PBXContainerItemProxy;
			containerPortal = 4AECC7601C8957CE0083D243 /* Project object */;
			proxyType = 1;
			remoteGlobalIDString = 4AECC7671C8957CE0083D243;
			remoteInfo = CGSearchDemo;
		};
/* End PBXContainerItemProxy section */

/* Begin PBXFileReference section */
		4AECC7681C8957CE0083D243 /* CGSearchDemo.app */ = {isa = PBXFileReference; explicitFileType = wrapper.application; includeInIndex = 0; path = CGSearchDemo.app; sourceTree = BUILT_PRODUCTS_DIR; };
		4AECC76C1C8957CE0083D243 /* main.m */ = {isa = PBXFileReference; lastKnownFileType = sourcecode.c.objc; path = main.m; sourceTree = "<group>"; };
		4AECC76E1C8957CE0083D243 /* AppDelegate.h */ = {isa = PBXFileReference; lastKnownFileType = sourcecode.c.h; path = AppDelegate.h; sourceTree = "<group>"; };
		4AECC76F1C8957CE0083D243 /* AppDelegate.m */ = {isa = PBXFileReference; lastKnownFileType = sourcecode.c.objc; path = AppDelegate.m; sourceTree = "<group>"; };
		4AECC7711C8957CE0083D243 /* ViewController.h */ = {isa = PBXFileReference; lastKnownFileType = sourcecode.c.h; path = ViewController.h; sourceTree = "<group>"; };
		4AECC7721C8957CE0083D243 /* ViewController.m */ = {isa = PBXFileReference; lastKnownFileType = sourcecode.c.objc; path = ViewController.m; sourceTree = "<group>"; };
		4AECC7751C8957CE0083D243 /* Base */ = {isa = PBXFileReference; lastKnownFileType = file.storyboard; name = Base; path = Base.lproj/Main.storyboard; sourceTree = "<group>"; };
		4AECC7771C8957CE0083D243 /* Assets.xcassets */ = {isa = PBXFileReference; lastKnownFileType = folder.assetcatalog; path = Assets.xcassets; sourceTree = "<group>"; };
		4AECC77A1C8957CE0083D243 /* Base */ = {isa = PBXFileReference; lastKnownFileType = file.storyboard; name = Base; path = Base.lproj/LaunchScreen.storyboard; sourceTree = "<group>"; };
		4AECC77C1C8957CE0083D243 /* Info.plist */ = {isa = PBXFileReference; lastKnownFileType = text.plist.xml; path = Info.plist; sourceTree = "<group>"; };
		4AECC7811C8957CF0083D243 /* CGSearchDemoTests.xctest */ = {isa = PBXFileReference; explicitFileType = wrapper.cfbundle; includeInIndex = 0; path = CGSearchDemoTests.xctest; sourceTree = BUILT_PRODUCTS_DIR; };
		4AECC7851C8957CF0083D243 /* CGSearchDemoTests.m */ = {isa = PBXFileReference; lastKnownFileType = sourcecode.c.objc; path = CGSearchDemoTests.m; sourceTree = "<group>"; };
		4AECC7871C8957CF0083D243 /* Info.plist */ = {isa = PBXFileReference; lastKnownFileType = text.plist.xml; path = Info.plist; sourceTree = "<group>"; };
		4AECC78C1C8957CF0083D243 /* CGSearchDemoUITests.xctest */ = {isa = PBXFileReference; explicitFileType = wrapper.cfbundle; includeInIndex = 0; path = CGSearchDemoUITests.xctest; sourceTree = BUILT_PRODUCTS_DIR; };
		4AECC7901C8957CF0083D243 /* CGSearchDemoUITests.m */ = {isa = PBXFileReference; lastKnownFileType = sourcecode.c.objc; path = CGSearchDemoUITests.m; sourceTree = "<group>"; };
		4AECC7921C8957CF0083D243 /* Info.plist */ = {isa = PBXFileReference; lastKnownFileType = text.plist.xml; path = Info.plist; sourceTree = "<group>"; };
/* End PBXFileReference section */

/* Begin PBXFrameworksBuildPhase section */
		4AECC7651C8957CE0083D243 /* Frameworks */ = {
			isa = PBXFrameworksBuildPhase;
			buildActionMask = 2147483647;
			files = (
			);
			runOnlyForDeploymentPostprocessing = 0;
		};
		4AECC77E1C8957CF0083D243 /* Frameworks */ = {
			isa = PBXFrameworksBuildPhase;
			buildActionMask = 2147483647;
			files = (
			);
			runOnlyForDeploymentPostprocessing = 0;
		};
		4AECC7891C8957CF0083D243 /* Frameworks */ = {
			isa = PBXFrameworksBuildPhase;
			buildActionMask = 2147483647;
			files = (
			);
			runOnlyForDeploymentPostprocessing = 0;
		};
/* End PBXFrameworksBuildPhase section */

/* Begin PBXGroup section */
		4AECC75F1C8957CE0083D243 = {
			isa = PBXGroup;
			children = (
				4AECC76A1C8957CE0083D243 /* CGSearchDemo */,
				4AECC7841C8957CF0083D243 /* CGSearchDemoTests */,
				4AECC78F1C8957CF0083D243 /* CGSearchDemoUITests */,
				4AECC7691C8957CE0083D243 /* Products */,
			);
			sourceTree = "<group>";
		};
		4AECC7691C8957CE0083D243 /* Products */ = {
			isa = PBXGroup;
			children = (
				4AECC7681C8957CE0083D243 /* CGSearchDemo.app */,
				4AECC7811C8957CF0083D243 /* CGSearchDemoTests.xctest */,
				4AECC78C1C8957CF0083D243 /* CGSearchDemoUITests.xctest */,
			);
			name = Products;
			sourceTree = "<group>";
		};
		4AECC76A1C8957CE0083D243 /* CGSearchDemo */ = {
			isa = PBXGroup;
			children = (
				4AECC76E1C8957CE0083D243 /* AppDelegate.h */,
				4AECC76F1C8957CE0083D243 /* AppDelegate.m */,
				4AECC7711C8957CE0083D243 /* ViewController.h */,
				4AECC7721C8957CE0083D243 /* ViewController.m */,
				4AECC7741C8957CE0083D243 /* Main.storyboard */,
				4AECC7771C8957CE0083D243 /* Assets.xcassets */,
				4AECC7791C8957CE0083D243 /* LaunchScreen.storyboard */,
				4AECC77C1C8957CE0083D243 /* Info.plist */,
				4AECC76B1C8957CE0083D243 /* Supporting Files */,
			);
			path = CGSearchDemo;
			sourceTree = "<group>";
		};
		4AECC76B1C8957CE0083D243 /* Supporting Files */ = {
			isa = PBXGroup;
			children = (
				4AECC76C1C8957CE0083D243 /* main.m */,
			);
			name = "Supporting Files";
			sourceTree = "<group>";
		};
		4AECC7841C8957CF0083D243 /* CGSearchDemoTests */ = {
			isa = PBXGroup;
			children = (
				4AECC7851C8957CF0083D243 /* CGSearchDemoTests.m */,
				4AECC7871C8957CF0083D243 /* Info.plist */,
			);
			path = CGSearchDemoTests;
			sourceTree = "<group>";
		};
		4AECC78F1C8957CF0083D243 /* CGSearchDemoUITests */ = {
			isa = PBXGroup;
			children = (
				4AECC7901C8957CF0083D243 /* CGSearchDemoUITests.m */,
				4AECC7921C8957CF0083D243 /* Info.plist */,
			);
			path = CGSearchDemoUITests;
			sourceTree = "<group>";
		};
/* End PBXGroup section */

/* Begin PBXNativeTarget section */
		4AECC7671C8957CE0083D243 /* CGSearchDemo */ = {
			isa = PBXNativeTarget;
			buildConfigurationList = 4AECC7951C8957CF0083D243 /* Build configuration list for PBXNativeTarget "CGSearchDemo" */;
			buildPhases = (
				4AECC7641C8957CE0083D243 /* Sources */,
				4AECC7651C8957CE0083D243 /* Frameworks */,
				4AECC7661C8957CE0083D243 /* Resources */,
			);
			buildRules = (
			);
			dependencies = (
			);
			name = CGSearchDemo;
			productName = CGSearchDemo;
			productReference = 4AECC7681C8957CE0083D243 /* CGSearchDemo.app */;
			productType = "com.apple.product-type.application";
		};
		4AECC7801C8957CF0083D243 /* CGSearchDemoTests */ = {
			isa = PBXNativeTarget;
			buildConfigurationList = 4AECC7981C8957CF0083D243 /* Build configuration list for PBXNativeTarget "CGSearchDemoTests" */;
			buildPhases = (
				4AECC77D1C8957CF0083D243 /* Sources */,
				4AECC77E1C8957CF0083D243 /* Frameworks */,
				4AECC77F1C8957CF0083D243 /* Resources */,
			);
			buildRules = (
			);
			dependencies = (
				4AECC7831C8957CF0083D243 /* PBXTargetDependency */,
			);
			name = CGSearchDemoTests;
			productName = CGSearchDemoTests;
			productReference = 4AECC7811C8957CF0083D243 /* CGSearchDemoTests.xctest */;
			productType = "com.apple.product-type.bundle.unit-test";
		};
		4AECC78B1C8957CF0083D243 /* CGSearchDemoUITests */ = {
			isa = PBXNativeTarget;
			buildConfigurationList = 4AECC79B1C8957CF0083D243 /* Build configuration list for PBXNativeTarget "CGSearchDemoUITests" */;
			buildPhases = (
				4AECC7881C8957CF0083D243 /* Sources */,
				4AECC7891C8957CF0083D243 /* Frameworks */,
				4AECC78A1C8957CF0083D243 /* Resources */,
			);
			buildRules = (
			);
			dependencies = (
				4AECC78E1C8957CF0083D243 /* PBXTargetDependency */,
			);
			name = CGSearchDemoUITests;
			productName = CGSearchDemoUITests;
			productReference = 4AECC78C1C8957CF0083D243 /* CGSearchDemoUITests.xctest */;
			productType = "com.apple.product-type.bundle.ui-testing";
		};
/* End PBXNativeTarget section */

/* Begin PBXProject section */
		4AECC7601C8957CE0083D243 /* Project object */ = {
			isa = PBXProject;
			attributes = {
				LastUpgradeCheck = 0720;
				ORGANIZATIONNAME = cgSjj;
				TargetAttributes = {
					4AECC7671C8957CE0083D243 = {
						CreatedOnToolsVersion = 7.2;
						DevelopmentTeam = DMWM5Q2PKL;
					};
					4AECC7801C8957CF0083D243 = {
						CreatedOnToolsVersion = 7.2;
						DevelopmentTeam = DMWM5Q2PKL;
						TestTargetID = 4AECC7671C8957CE0083D243;
					};
					4AECC78B1C8957CF0083D243 = {
						CreatedOnToolsVersion = 7.2;
						DevelopmentTeam = DMWM5Q2PKL;
						TestTargetID = 4AECC7671C8957CE0083D243;
					};
				};
			};
			buildConfigurationList = 4AECC7631C8957CE0083D243 /* Build configuration list for PBXProject "CGSearchDemo" */;
			compatibilityVersion = "Xcode 3.2";
			developmentRegion = English;
			hasScannedForEncodings = 0;
			knownRegions = (
				en,
				Base,
			);
			mainGroup = 4AECC75F1C8957CE0083D243;
			productRefGroup = 4AECC7691C8957CE0083D243 /* Products */;
			projectDirPath = "";
			projectRoot = "";
			targets = (
				4AECC7671C8957CE0083D243 /* CGSearchDemo */,
				4AECC7801C8957CF0083D243 /* CGSearchDemoTests */,
				4AECC78B1C8957CF0083D243 /* CGSearchDemoUITests */,
			);
		};
/* End PBXProject section */

/* Begin PBXResourcesBuildPhase section */
		4AECC7661C8957CE0083D243 /* Resources */ = {
			isa = PBXResourcesBuildPhase;
			buildActionMask = 2147483647;
			files = (
				4AECC77B1C8957CE0083D243 /* LaunchScreen.storyboard in Resources */,
				4AECC7781C8957CE0083D243 /* Assets.xcassets in Resources */,
				4AECC7761C8957CE0083D243 /* Main.storyboard in Resources */,
			);
			runOnlyForDeploymentPostprocessing = 0;
		};
		4AECC77F1C8957CF0083D243 /* Resources */ = {
			isa = PBXResourcesBuildPhase;
			buildActionMask = 2147483647;
			files = (
			);
			runOnlyForDeploymentPostprocessing = 0;
		};
		4AECC78A1C8957CF0083D243 /* Resources */ = {
			isa = PBXResourcesBuildPhase;
			buildActionMask = 2147483647;
			files = (
			);
			runOnlyForDeploymentPostprocessing = 0;
		};
/* End PBXResourcesBuildPhase section */

/* Begin PBXSourcesBuildPhase section */
		4AECC7641C8957CE0083D243 /* Sources */ = {
			isa = PBXSourcesBuildPhase;
			buildActionMask = 2147483647;
			files = (
				4AECC7731C8957CE0083D243 /* ViewController.m in Sources */,
				4AECC7701C8957CE0083D243 /* AppDelegate.m in Sources */,
				4AECC76D1C8957CE0083D243 /* main.m in Sources */,
			);
			runOnlyForDeploymentPostprocessing = 0;
		};
		4AECC77D1C8957CF0083D243 /* Sources */ = {
			isa = PBXSourcesBuildPhase;
			buildActionMask = 2147483647;
			files = (
				4AECC7861C8957CF0083D243 /* CGSearchDemoTests.m in Sources */,
			);
			runOnlyForDeploymentPostprocessing = 0;
		};
		4AECC7881C8957CF0083D243 /* Sources */ = {
			isa = PBXSourcesBuildPhase;
			buildActionMask = 2147483647;
			files = (
				4AECC7911C8957CF0083D243 /* CGSearchDemoUITests.m in Sources */,
			);
			runOnlyForDeploymentPostprocessing = 0;
		};
/* End PBXSourcesBuildPhase section */

/* Begin PBXTargetDependency section */
		4AECC7831C8957CF0083D243 /* PBXTargetDependency */ = {
			isa = PBXTargetDependency;
			target = 4AECC7671C8957CE0083D243 /* CGSearchDemo */;
			targetProxy = 4AECC7821C8957CF0083D243 /* PBXContainerItemProxy */;
		};
		4AECC78E1C8957CF0083D243 /* PBXTargetDependency */ = {
			isa = PBXTargetDependency;
			target = 4AECC7671C8957CE0083D243 /* CGSearchDemo */;
			targetProxy = 4AECC78D1C8957CF0083D243 /* PBXContainerItemProxy */;
		};
/* End PBXTargetDependency section */

/* Begin PBXVariantGroup section */
		4AECC7741C8957CE0083D243 /* Main.storyboard */ = {
			isa = PBXVariantGroup;
			children = (
				4AECC7751C8957CE0083D243 /* Base */,
			);
			name = Main.storyboard;
			sourceTree = "<group>";
		};
		4AECC7791C8957CE0083D243 /* LaunchScreen.storyboard */ = {
			isa = PBXVariantGroup;
			children = (
				4AECC77A1C8957CE0083D243 /* Base */,
			);
			name = LaunchScreen.storyboard;
			sourceTree = "<group>";
		};
/* End PBXVariantGroup section */

/* Begin XCBuildConfiguration section */
		4AECC7931C8957CF0083D243 /* Debug */ = {
			isa = XCBuildConfiguration;
			buildSettings = {
				ALWAYS_SEARCH_USER_PATHS = NO;
				CLANG_CXX_LANGUAGE_STANDARD = "gnu++0x";
				CLANG_CXX_LIBRARY = "libc++";
				CLANG_ENABLE_MODULES = YES;
				CLANG_ENABLE_OBJC_ARC = YES;
				CLANG_WARN_BOOL_CONVERSION = YES;
				CLANG_WARN_CONSTANT_CONVERSION = YES;
				CLANG_WARN_DIRECT_OBJC_ISA_USAGE = YES_ERROR;
				CLANG_WARN_EMPTY_BODY = YES;
				CLANG_WARN_ENUM_CONVERSION = YES;
				CLANG_WARN_INT_CONVERSION = YES;
				CLANG_WARN_OBJC_ROOT_CLASS = YES_ERROR;
				CLANG_WARN_UNREACHABLE_CODE = YES;
				CLANG_WARN__DUPLICATE_METHOD_MATCH = YES;
				"CODE_SIGN_IDENTITY[sdk=iphoneos*]" = "iPhone Developer";
				COPY_PHASE_STRIP = NO;
				DEBUG_INFORMATION_FORMAT = dwarf;
				ENABLE_STRICT_OBJC_MSGSEND = YES;
				ENABLE_TESTABILITY = YES;
				GCC_C_LANGUAGE_STANDARD = gnu99;
				GCC_DYNAMIC_NO_PIC = NO;
				GCC_NO_COMMON_BLOCKS = YES;
				GCC_OPTIMIZATION_LEVEL = 0;
				GCC_PREPROCESSOR_DEFINITIONS = (
					"DEBUG=1",
					"$(inherited)",
				);
				GCC_WARN_64_TO_32_BIT_CONVERSION = YES;
				GCC_WARN_ABOUT_RETURN_TYPE = YES_ERROR;
				GCC_WARN_UNDECLARED_SELECTOR = YES;
				GCC_WARN_UNINITIALIZED_AUTOS = YES_AGGRESSIVE;
				GCC_WARN_UNUSED_FUNCTION = YES;
				GCC_WARN_UNUSED_VARIABLE = YES;
				IPHONEOS_DEPLOYMENT_TARGET = 9.2;
				MTL_ENABLE_DEBUG_INFO = YES;
				ONLY_ACTIVE_ARCH = YES;
				SDKROOT = iphoneos;
				TARGETED_DEVICE_FAMILY = "1,2";
			};
			name = Debug;
		};
		4AECC7941C8957CF0083D243 /* Release */ = {
			isa = XCBuildConfiguration;
			buildSettings = {
				ALWAYS_SEARCH_USER_PATHS = NO;
				CLANG_CXX_LANGUAGE_STANDARD = "gnu++0x";
				CLANG_CXX_LIBRARY = "libc++";
				CLANG_ENABLE_MODULES = YES;
				CLANG_ENABLE_OBJC_ARC = YES;
				CLANG_WARN_BOOL_CONVERSION = YES;
				CLANG_WARN_CONSTANT_CONVERSION = YES;
				CLANG_WARN_DIRECT_OBJC_ISA_USAGE = YES_ERROR;
				CLANG_WARN_EMPTY_BODY = YES;
				CLANG_WARN_ENUM_CONVERSION = YES;
				CLANG_WARN_INT_CONVERSION = YES;
				CLANG_WARN_OBJC_ROOT_CLASS = YES_ERROR;
				CLANG_WARN_UNREACHABLE_CODE = YES;
				CLANG_WARN__DUPLICATE_METHOD_MATCH = YES;
				"CODE_SIGN_IDENTITY[sdk=iphoneos*]" = "iPhone Developer";
				COPY_PHASE_STRIP = NO;
				DEBUG_INFORMATION_FORMAT = "dwarf-with-dsym";
				ENABLE_NS_ASSERTIONS = NO;
				ENABLE_STRICT_OBJC_MSGSEND = YES;
				GCC_C_LANGUAGE_STANDARD = gnu99;
				GCC_NO_COMMON_BLOCKS = YES;
				GCC_WARN_64_TO_32_BIT_CONVERSION = YES;
				GCC_WARN_ABOUT_RETURN_TYPE = YES_ERROR;
				GCC_WARN_UNDECLARED_SELECTOR = YES;
				GCC_WARN_UNINITIALIZED_AUTOS = YES_AGGRESSIVE;
				GCC_WARN_UNUSED_FUNCTION = YES;
				GCC_WARN_UNUSED_VARIABLE = YES;
				IPHONEOS_DEPLOYMENT_TARGET = 9.2;
				MTL_ENABLE_DEBUG_INFO = NO;
				SDKROOT = iphoneos;
				TARGETED_DEVICE_FAMILY = "1,2";
				VALIDATE_PRODUCT = YES;
			};
			name = Release;
		};
		4AECC7961C8957CF0083D243 /* Debug */ = {
			isa = XCBuildConfiguration;
			buildSettings = {
				ASSETCATALOG_COMPILER_APPICON_NAME = AppIcon;
				INFOPLIST_FILE = CGSearchDemo/Info.plist;
				LD_RUNPATH_SEARCH_PATHS = "$(inherited) @executable_path/Frameworks";
				PRODUCT_BUNDLE_IDENTIFIER = com.scg.CGSearchDemo;
				PRODUCT_NAME = "$(TARGET_NAME)";
			};
			name = Debug;
		};
		4AECC7971C8957CF0083D243 /* Release */ = {
			isa = XCBuildConfiguration;
			buildSettings = {
				ASSETCATALOG_COMPILER_APPICON_NAME = AppIcon;
				INFOPLIST_FILE = CGSearchDemo/Info.plist;
				LD_RUNPATH_SEARCH_PATHS = "$(inherited) @executable_path/Frameworks";
				PRODUCT_BUNDLE_IDENTIFIER = com.scg.CGSearchDemo;
				PRODUCT_NAME = "$(TARGET_NAME)";
			};
			name = Release;
		};
		4AECC7991C8957CF0083D243 /* Debug */ = {
			isa = XCBuildConfiguration;
			buildSettings = {
				BUNDLE_LOADER = "$(TEST_HOST)";
				INFOPLIST_FILE = CGSearchDemoTests/Info.plist;
				LD_RUNPATH_SEARCH_PATHS = "$(inherited) @executable_path/Frameworks @loader_path/Frameworks";
				PRODUCT_BUNDLE_IDENTIFIER = com.scg.CGSearchDemoTests;
				PRODUCT_NAME = "$(TARGET_NAME)";
				TEST_HOST = "$(BUILT_PRODUCTS_DIR)/CGSearchDemo.app/CGSearchDemo";
			};
			name = Debug;
		};
		4AECC79A1C8957CF0083D243 /* Release */ = {
			isa = XCBuildConfiguration;
			buildSettings = {
				BUNDLE_LOADER = "$(TEST_HOST)";
				INFOPLIST_FILE = CGSearchDemoTests/Info.plist;
				LD_RUNPATH_SEARCH_PATHS = "$(inherited) @executable_path/Frameworks @loader_path/Frameworks";
				PRODUCT_BUNDLE_IDENTIFIER = com.scg.CGSearchDemoTests;
				PRODUCT_NAME = "$(TARGET_NAME)";
				TEST_HOST = "$(BUILT_PRODUCTS_DIR)/CGSearchDemo.app/CGSearchDemo";
			};
			name = Release;
		};
		4AECC79C1C8957CF0083D243 /* Debug */ = {
			isa = XCBuildConfiguration;
			buildSettings = {
				INFOPLIST_FILE = CGSearchDemoUITests/Info.plist;
				LD_RUNPATH_SEARCH_PATHS = "$(inherited) @executable_path/Frameworks @loader_path/Frameworks";
				PRODUCT_BUNDLE_IDENTIFIER = com.scg.CGSearchDemoUITests;
				PRODUCT_NAME = "$(TARGET_NAME)";
				TEST_TARGET_NAME = CGSearchDemo;
				USES_XCTRUNNER = YES;
			};
			name = Debug;
		};
		4AECC79D1C8957CF0083D243 /* Release */ = {
			isa = XCBuildConfiguration;
			buildSettings = {
				INFOPLIST_FILE = CGSearchDemoUITests/Info.plist;
				LD_RUNPATH_SEARCH_PATHS = "$(inherited) @executable_path/Frameworks @loader_path/Frameworks";
				PRODUCT_BUNDLE_IDENTIFIER = com.scg.CGSearchDemoUITests;
				PRODUCT_NAME = "$(TARGET_NAME)";
				TEST_TARGET_NAME = CGSearchDemo;
				USES_XCTRUNNER = YES;
			};
			name = Release;
		};
/* End XCBuildConfiguration section */

/* Begin XCConfigurationList section */
		4AECC7631C8957CE0083D243 /* Build configuration list for PBXProject "CGSearchDemo" */ = {
			isa = XCConfigurationList;
			buildConfigurations = (
				4AECC7931C8957CF0083D243 /* Debug */,
				4AECC7941C8957CF0083D243 /* Release */,
			);
			defaultConfigurationIsVisible = 0;
			defaultConfigurationName = Release;
		};
		4AECC7951C8957CF0083D243 /* Build configuration list for PBXNativeTarget "CGSearchDemo" */ = {
			isa = XCConfigurationList;
			buildConfigurations = (
				4AECC7961C8957CF0083D243 /* Debug */,
				4AECC7971C8957CF0083D243 /* Release */,
			);
			defaultConfigurationIsVisible = 0;
		};
		4AECC7981C8957CF0083D243 /* Build configuration list for PBXNativeTarget "CGSearchDemoTests" */ = {
			isa = XCConfigurationList;
			buildConfigurations = (
				4AECC7991C8957CF0083D243 /* Debug */,
				4AECC79A1C8957CF0083D243 /* Release */,
			);
			defaultConfigurationIsVisible = 0;
		};
		4AECC79B1C8957CF0083D243 /* Build configuration list for PBXNativeTarget "CGSearchDemoUITests" */ = {
			isa = XCConfigurationList;
			buildConfigurations = (
				4AECC79C1C8957CF0083D243 /* Debug */,
				4AECC79D1C8957CF0083D243 /* Release */,
			);
			defaultConfigurationIsVisible = 0;
		};
/* End XCConfigurationList section */
	};
	rootObject = 4AECC7601C8957CE0083D243 /* Project object */;
}
